// !$*UTF8*$!
{
	archiveVersion = 1;
	classes = {
	};
	objectVersion = 48;
	objects = {

/* Begin PBXBuildFile section */
		92A778724A2E9DEAB188EAE0 /* Pods_GoldenRuleIOS.framework in Frameworks */ = {isa = PBXBuildFile; fileRef = 5CF20494393C0096691BCFD5 /* Pods_GoldenRuleIOS.framework */; };
		A91ED3141FF42AA500AF1EB8 /* AppDelegate.swift in Sources */ = {isa = PBXBuildFile; fileRef = A91ED3131FF42AA500AF1EB8 /* AppDelegate.swift */; };
		A91ED31B1FF42AA500AF1EB8 /* Main.storyboard in Resources */ = {isa = PBXBuildFile; fileRef = A91ED3191FF42AA500AF1EB8 /* Main.storyboard */; };
		A91ED31D1FF42AA500AF1EB8 /* Assets.xcassets in Resources */ = {isa = PBXBuildFile; fileRef = A91ED31C1FF42AA500AF1EB8 /* Assets.xcassets */; };
		A91ED3201FF42AA500AF1EB8 /* LaunchScreen.storyboard in Resources */ = {isa = PBXBuildFile; fileRef = A91ED31E1FF42AA500AF1EB8 /* LaunchScreen.storyboard */; };
		A91ED32B1FF42AA500AF1EB8 /* GoldenRuleIOSTests.swift in Sources */ = {isa = PBXBuildFile; fileRef = A91ED32A1FF42AA500AF1EB8 /* GoldenRuleIOSTests.swift */; };
		A91ED3361FF42AA500AF1EB8 /* GoldenRuleIOSUITests.swift in Sources */ = {isa = PBXBuildFile; fileRef = A91ED3351FF42AA500AF1EB8 /* GoldenRuleIOSUITests.swift */; };
		D0BB6C16D6127E0F8CEEE099 /* Pods_GoldenRuleIOSTests.framework in Frameworks */ = {isa = PBXBuildFile; fileRef = 1C27DF05E300ED1A8AD0F758 /* Pods_GoldenRuleIOSTests.framework */; };
		DD1E294A2069651800A6ACDD /* Model.xcdatamodeld in Sources */ = {isa = PBXBuildFile; fileRef = DD1E29482069651800A6ACDD /* Model.xcdatamodeld */; };
		DD20F210206999CA00056FE7 /* NewsTableViewController.swift in Sources */ = {isa = PBXBuildFile; fileRef = DD20F20F206999CA00056FE7 /* NewsTableViewController.swift */; };
		DD7306A72068C0E200941331 /* fur_elise.mp3 in Resources */ = {isa = PBXBuildFile; fileRef = DD7306A62068C0E200941331 /* fur_elise.mp3 */; };
		DD7306A92068C0ED00941331 /* chime.mp3 in Resources */ = {isa = PBXBuildFile; fileRef = DD7306A82068C0ED00941331 /* chime.mp3 */; };
		DDE3B52C2068AE9F008A2880 /* golden_rule_intro_video.mp4 in Resources */ = {isa = PBXBuildFile; fileRef = DDE3B52B2068AE9F008A2880 /* golden_rule_intro_video.mp4 */; };
		DDF68D6F2065A9C500C2C595 /* NewsViewController.swift in Sources */ = {isa = PBXBuildFile; fileRef = DDF68D6E2065A9C500C2C595 /* NewsViewController.swift */; };
		DDF68D712065A9DA00C2C595 /* InfoViewController.swift in Sources */ = {isa = PBXBuildFile; fileRef = DDF68D702065A9DA00C2C595 /* InfoViewController.swift */; };
		DDF68D732065A9F100C2C595 /* SettingsViewController.swift in Sources */ = {isa = PBXBuildFile; fileRef = DDF68D722065A9F100C2C595 /* SettingsViewController.swift */; };
		DDF68D752065B6D200C2C595 /* GoogleService-Info.plist in Resources */ = {isa = PBXBuildFile; fileRef = DDF68D742065B6D200C2C595 /* GoogleService-Info.plist */; };
		DDF68D772065B74100C2C595 /* HomeViewController.swift in Sources */ = {isa = PBXBuildFile; fileRef = DDF68D762065B74100C2C595 /* HomeViewController.swift */; };
		E4C1A8F1000A502DAF35CB46 /* Pods_GoldenRuleIOSUITests.framework in Frameworks */ = {isa = PBXBuildFile; fileRef = 5996695276825CB2BAED5DD6 /* Pods_GoldenRuleIOSUITests.framework */; };
/* End PBXBuildFile section */

/* Begin PBXContainerItemProxy section */
		A91ED3271FF42AA500AF1EB8 /* PBXContainerItemProxy */ = {
			isa = PBXContainerItemProxy;
			containerPortal = A91ED3081FF42AA500AF1EB8 /* Project object */;
			proxyType = 1;
			remoteGlobalIDString = A91ED30F1FF42AA500AF1EB8;
			remoteInfo = GoldenRuleIOS;
		};
		A91ED3321FF42AA500AF1EB8 /* PBXContainerItemProxy */ = {
			isa = PBXContainerItemProxy;
			containerPortal = A91ED3081FF42AA500AF1EB8 /* Project object */;
			proxyType = 1;
			remoteGlobalIDString = A91ED30F1FF42AA500AF1EB8;
			remoteInfo = GoldenRuleIOS;
		};
/* End PBXContainerItemProxy section */

/* Begin PBXFileReference section */
		0ABC2401A4D7983873563DDE /* Pods-GoldenRuleIOSUITests.debug.xcconfig */ = {isa = PBXFileReference; includeInIndex = 1; lastKnownFileType = text.xcconfig; name = "Pods-GoldenRuleIOSUITests.debug.xcconfig"; path = "Pods/Target Support Files/Pods-GoldenRuleIOSUITests/Pods-GoldenRuleIOSUITests.debug.xcconfig"; sourceTree = "<group>"; };
		10B7C60E0C8C86B13E67DDF3 /* Pods-GoldenRuleIOSUITests.debug.xcconfig */ = {isa = PBXFileReference; includeInIndex = 1; lastKnownFileType = text.xcconfig; name = "Pods-GoldenRuleIOSUITests.debug.xcconfig"; path = "Pods/Target Support Files/Pods-GoldenRuleIOSUITests/Pods-GoldenRuleIOSUITests.debug.xcconfig"; sourceTree = "<group>"; };
		1C27DF05E300ED1A8AD0F758 /* Pods_GoldenRuleIOSTests.framework */ = {isa = PBXFileReference; explicitFileType = wrapper.framework; includeInIndex = 0; path = Pods_GoldenRuleIOSTests.framework; sourceTree = BUILT_PRODUCTS_DIR; };
		1F6CA4E69EC7490923558216 /* Pods-GoldenRuleIOSTests.release.xcconfig */ = {isa = PBXFileReference; includeInIndex = 1; lastKnownFileType = text.xcconfig; name = "Pods-GoldenRuleIOSTests.release.xcconfig"; path = "Pods/Target Support Files/Pods-GoldenRuleIOSTests/Pods-GoldenRuleIOSTests.release.xcconfig"; sourceTree = "<group>"; };
		2510BB5389686B92302A726E /* Pods-GoldenRuleIOSTests.debug.xcconfig */ = {isa = PBXFileReference; includeInIndex = 1; lastKnownFileType = text.xcconfig; name = "Pods-GoldenRuleIOSTests.debug.xcconfig"; path = "Pods/Target Support Files/Pods-GoldenRuleIOSTests/Pods-GoldenRuleIOSTests.debug.xcconfig"; sourceTree = "<group>"; };
		5198516E05A53C50A477827B /* Pods-GoldenRuleIOSUITests.release.xcconfig */ = {isa = PBXFileReference; includeInIndex = 1; lastKnownFileType = text.xcconfig; name = "Pods-GoldenRuleIOSUITests.release.xcconfig"; path = "Pods/Target Support Files/Pods-GoldenRuleIOSUITests/Pods-GoldenRuleIOSUITests.release.xcconfig"; sourceTree = "<group>"; };
		54FB895C4810A42DECF10B95 /* Pods-GoldenRuleIOSUITests.release.xcconfig */ = {isa = PBXFileReference; includeInIndex = 1; lastKnownFileType = text.xcconfig; name = "Pods-GoldenRuleIOSUITests.release.xcconfig"; path = "Pods/Target Support Files/Pods-GoldenRuleIOSUITests/Pods-GoldenRuleIOSUITests.release.xcconfig"; sourceTree = "<group>"; };
		5996695276825CB2BAED5DD6 /* Pods_GoldenRuleIOSUITests.framework */ = {isa = PBXFileReference; explicitFileType = wrapper.framework; includeInIndex = 0; path = Pods_GoldenRuleIOSUITests.framework; sourceTree = BUILT_PRODUCTS_DIR; };
		5CF20494393C0096691BCFD5 /* Pods_GoldenRuleIOS.framework */ = {isa = PBXFileReference; explicitFileType = wrapper.framework; includeInIndex = 0; path = Pods_GoldenRuleIOS.framework; sourceTree = BUILT_PRODUCTS_DIR; };
		5FBBF67A1F97E41A2614D422 /* Pods-GoldenRuleIOS.debug.xcconfig */ = {isa = PBXFileReference; includeInIndex = 1; lastKnownFileType = text.xcconfig; name = "Pods-GoldenRuleIOS.debug.xcconfig"; path = "Pods/Target Support Files/Pods-GoldenRuleIOS/Pods-GoldenRuleIOS.debug.xcconfig"; sourceTree = "<group>"; };
		6CD9B377A40A5A073DCF0445 /* Pods-GoldenRuleIOS.release.xcconfig */ = {isa = PBXFileReference; includeInIndex = 1; lastKnownFileType = text.xcconfig; name = "Pods-GoldenRuleIOS.release.xcconfig"; path = "Pods/Target Support Files/Pods-GoldenRuleIOS/Pods-GoldenRuleIOS.release.xcconfig"; sourceTree = "<group>"; };
		7241A06D0CCD5E64876DF568 /* Pods-GoldenRuleIOS.release.xcconfig */ = {isa = PBXFileReference; includeInIndex = 1; lastKnownFileType = text.xcconfig; name = "Pods-GoldenRuleIOS.release.xcconfig"; path = "Pods/Target Support Files/Pods-GoldenRuleIOS/Pods-GoldenRuleIOS.release.xcconfig"; sourceTree = "<group>"; };
		A47ED61EDE004695AFB5485D /* Pods-GoldenRuleIOS.debug.xcconfig */ = {isa = PBXFileReference; includeInIndex = 1; lastKnownFileType = text.xcconfig; name = "Pods-GoldenRuleIOS.debug.xcconfig"; path = "Pods/Target Support Files/Pods-GoldenRuleIOS/Pods-GoldenRuleIOS.debug.xcconfig"; sourceTree = "<group>"; };
		A91ED3101FF42AA500AF1EB8 /* GoldenRuleIOS.app */ = {isa = PBXFileReference; explicitFileType = wrapper.application; includeInIndex = 0; path = GoldenRuleIOS.app; sourceTree = BUILT_PRODUCTS_DIR; };
		A91ED3131FF42AA500AF1EB8 /* AppDelegate.swift */ = {isa = PBXFileReference; lastKnownFileType = sourcecode.swift; path = AppDelegate.swift; sourceTree = "<group>"; };
		A91ED31A1FF42AA500AF1EB8 /* Base */ = {isa = PBXFileReference; lastKnownFileType = file.storyboard; name = Base; path = Base.lproj/Main.storyboard; sourceTree = "<group>"; };
		A91ED31C1FF42AA500AF1EB8 /* Assets.xcassets */ = {isa = PBXFileReference; lastKnownFileType = folder.assetcatalog; path = Assets.xcassets; sourceTree = "<group>"; };
		A91ED31F1FF42AA500AF1EB8 /* Base */ = {isa = PBXFileReference; lastKnownFileType = file.storyboard; name = Base; path = Base.lproj/LaunchScreen.storyboard; sourceTree = "<group>"; };
		A91ED3211FF42AA500AF1EB8 /* Info.plist */ = {isa = PBXFileReference; lastKnownFileType = text.plist.xml; path = Info.plist; sourceTree = "<group>"; };
		A91ED3261FF42AA500AF1EB8 /* GoldenRuleIOSTests.xctest */ = {isa = PBXFileReference; explicitFileType = wrapper.cfbundle; includeInIndex = 0; path = GoldenRuleIOSTests.xctest; sourceTree = BUILT_PRODUCTS_DIR; };
		A91ED32A1FF42AA500AF1EB8 /* GoldenRuleIOSTests.swift */ = {isa = PBXFileReference; lastKnownFileType = sourcecode.swift; path = GoldenRuleIOSTests.swift; sourceTree = "<group>"; };
		A91ED32C1FF42AA500AF1EB8 /* Info.plist */ = {isa = PBXFileReference; lastKnownFileType = text.plist.xml; path = Info.plist; sourceTree = "<group>"; };
		A91ED3311FF42AA500AF1EB8 /* GoldenRuleIOSUITests.xctest */ = {isa = PBXFileReference; explicitFileType = wrapper.cfbundle; includeInIndex = 0; path = GoldenRuleIOSUITests.xctest; sourceTree = BUILT_PRODUCTS_DIR; };
		A91ED3351FF42AA500AF1EB8 /* GoldenRuleIOSUITests.swift */ = {isa = PBXFileReference; lastKnownFileType = sourcecode.swift; path = GoldenRuleIOSUITests.swift; sourceTree = "<group>"; };
		A91ED3371FF42AA500AF1EB8 /* Info.plist */ = {isa = PBXFileReference; lastKnownFileType = text.plist.xml; path = Info.plist; sourceTree = "<group>"; };
		AA8F1C19522FD21A80535E63 /* Pods-GoldenRuleIOSTests.debug.xcconfig */ = {isa = PBXFileReference; includeInIndex = 1; lastKnownFileType = text.xcconfig; name = "Pods-GoldenRuleIOSTests.debug.xcconfig"; path = "Pods/Target Support Files/Pods-GoldenRuleIOSTests/Pods-GoldenRuleIOSTests.debug.xcconfig"; sourceTree = "<group>"; };
		DD1E29492069651800A6ACDD /* Model.xcdatamodel */ = {isa = PBXFileReference; lastKnownFileType = wrapper.xcdatamodel; path = Model.xcdatamodel; sourceTree = "<group>"; };
		DD20F20F206999CA00056FE7 /* NewsTableViewController.swift */ = {isa = PBXFileReference; lastKnownFileType = sourcecode.swift; path = NewsTableViewController.swift; sourceTree = "<group>"; };
		DD7306A62068C0E200941331 /* fur_elise.mp3 */ = {isa = PBXFileReference; lastKnownFileType = audio.mp3; name = fur_elise.mp3; path = ../../../Downloads/fur_elise.mp3; sourceTree = "<group>"; };
		DD7306A82068C0ED00941331 /* chime.mp3 */ = {isa = PBXFileReference; lastKnownFileType = audio.mp3; name = chime.mp3; path = ../../../Downloads/chime.mp3; sourceTree = "<group>"; };
		DDE3B52B2068AE9F008A2880 /* golden_rule_intro_video.mp4 */ = {isa = PBXFileReference; lastKnownFileType = file; name = golden_rule_intro_video.mp4; path = ../../../Downloads/golden_rule_intro_video.mp4; sourceTree = "<group>"; };
		DDF68D6E2065A9C500C2C595 /* NewsViewController.swift */ = {isa = PBXFileReference; lastKnownFileType = sourcecode.swift; path = NewsViewController.swift; sourceTree = "<group>"; };
		DDF68D702065A9DA00C2C595 /* InfoViewController.swift */ = {isa = PBXFileReference; lastKnownFileType = sourcecode.swift; path = InfoViewController.swift; sourceTree = "<group>"; };
		DDF68D722065A9F100C2C595 /* SettingsViewController.swift */ = {isa = PBXFileReference; lastKnownFileType = sourcecode.swift; path = SettingsViewController.swift; sourceTree = "<group>"; };
		DDF68D742065B6D200C2C595 /* GoogleService-Info.plist */ = {isa = PBXFileReference; fileEncoding = 4; lastKnownFileType = text.plist.xml; name = "GoogleService-Info.plist"; path = "../../.Trash/GoogleService-Info.plist"; sourceTree = "<group>"; };
		DDF68D762065B74100C2C595 /* HomeViewController.swift */ = {isa = PBXFileReference; lastKnownFileType = sourcecode.swift; path = HomeViewController.swift; sourceTree = "<group>"; };
		E6670737409F2675F9CFD4AD /* Pods-GoldenRuleIOSTests.release.xcconfig */ = {isa = PBXFileReference; includeInIndex = 1; lastKnownFileType = text.xcconfig; name = "Pods-GoldenRuleIOSTests.release.xcconfig"; path = "Pods/Target Support Files/Pods-GoldenRuleIOSTests/Pods-GoldenRuleIOSTests.release.xcconfig"; sourceTree = "<group>"; };
/* End PBXFileReference section */

/* Begin PBXFrameworksBuildPhase section */
		A91ED30D1FF42AA500AF1EB8 /* Frameworks */ = {
			isa = PBXFrameworksBuildPhase;
			buildActionMask = 2147483647;
			files = (
				92A778724A2E9DEAB188EAE0 /* Pods_GoldenRuleIOS.framework in Frameworks */,
			);
			runOnlyForDeploymentPostprocessing = 0;
		};
		A91ED3231FF42AA500AF1EB8 /* Frameworks */ = {
			isa = PBXFrameworksBuildPhase;
			buildActionMask = 2147483647;
			files = (
				D0BB6C16D6127E0F8CEEE099 /* Pods_GoldenRuleIOSTests.framework in Frameworks */,
			);
			runOnlyForDeploymentPostprocessing = 0;
		};
		A91ED32E1FF42AA500AF1EB8 /* Frameworks */ = {
			isa = PBXFrameworksBuildPhase;
			buildActionMask = 2147483647;
			files = (
				E4C1A8F1000A502DAF35CB46 /* Pods_GoldenRuleIOSUITests.framework in Frameworks */,
			);
			runOnlyForDeploymentPostprocessing = 0;
		};
/* End PBXFrameworksBuildPhase section */

/* Begin PBXGroup section */
		1F84F607ECF60EAC4B261B8D /* Pods */ = {
			isa = PBXGroup;
			children = (
				A47ED61EDE004695AFB5485D /* Pods-GoldenRuleIOS.debug.xcconfig */,
				7241A06D0CCD5E64876DF568 /* Pods-GoldenRuleIOS.release.xcconfig */,
				2510BB5389686B92302A726E /* Pods-GoldenRuleIOSTests.debug.xcconfig */,
				E6670737409F2675F9CFD4AD /* Pods-GoldenRuleIOSTests.release.xcconfig */,
				0ABC2401A4D7983873563DDE /* Pods-GoldenRuleIOSUITests.debug.xcconfig */,
				54FB895C4810A42DECF10B95 /* Pods-GoldenRuleIOSUITests.release.xcconfig */,
			);
			name = Pods;
			sourceTree = "<group>";
		};
		2EC2B07F583BCB8DDCE6F09C /* Frameworks */ = {
			isa = PBXGroup;
			children = (
				5CF20494393C0096691BCFD5 /* Pods_GoldenRuleIOS.framework */,
				1C27DF05E300ED1A8AD0F758 /* Pods_GoldenRuleIOSTests.framework */,
				5996695276825CB2BAED5DD6 /* Pods_GoldenRuleIOSUITests.framework */,
			);
			name = Frameworks;
			sourceTree = "<group>";
		};
		6A06D0260C11C137C4E1AD89 /* Pods */ = {
			isa = PBXGroup;
			children = (
				5FBBF67A1F97E41A2614D422 /* Pods-GoldenRuleIOS.debug.xcconfig */,
				6CD9B377A40A5A073DCF0445 /* Pods-GoldenRuleIOS.release.xcconfig */,
				AA8F1C19522FD21A80535E63 /* Pods-GoldenRuleIOSTests.debug.xcconfig */,
				1F6CA4E69EC7490923558216 /* Pods-GoldenRuleIOSTests.release.xcconfig */,
				10B7C60E0C8C86B13E67DDF3 /* Pods-GoldenRuleIOSUITests.debug.xcconfig */,
				5198516E05A53C50A477827B /* Pods-GoldenRuleIOSUITests.release.xcconfig */,
			);
			name = Pods;
			path = ..;
			sourceTree = "<group>";
		};
		A91ED3071FF42AA500AF1EB8 = {
			isa = PBXGroup;
			children = (
				DDF68D742065B6D200C2C595 /* GoogleService-Info.plist */,
				A91ED3121FF42AA500AF1EB8 /* GoldenRuleIOS */,
				A91ED3291FF42AA500AF1EB8 /* GoldenRuleIOSTests */,
				A91ED3341FF42AA500AF1EB8 /* GoldenRuleIOSUITests */,
				A91ED3111FF42AA500AF1EB8 /* Products */,
				2EC2B07F583BCB8DDCE6F09C /* Frameworks */,
				1F84F607ECF60EAC4B261B8D /* Pods */,
			);
			sourceTree = "<group>";
		};
		A91ED3111FF42AA500AF1EB8 /* Products */ = {
			isa = PBXGroup;
			children = (
				A91ED3101FF42AA500AF1EB8 /* GoldenRuleIOS.app */,
				A91ED3261FF42AA500AF1EB8 /* GoldenRuleIOSTests.xctest */,
				A91ED3311FF42AA500AF1EB8 /* GoldenRuleIOSUITests.xctest */,
			);
			name = Products;
			sourceTree = "<group>";
		};
		A91ED3121FF42AA500AF1EB8 /* GoldenRuleIOS */ = {
			isa = PBXGroup;
			children = (
				DD7306A62068C0E200941331 /* fur_elise.mp3 */,
				DD7306A82068C0ED00941331 /* chime.mp3 */,
				DDE3B52B2068AE9F008A2880 /* golden_rule_intro_video.mp4 */,
				DDF68D722065A9F100C2C595 /* SettingsViewController.swift */,
				A91ED3131FF42AA500AF1EB8 /* AppDelegate.swift */,
				DD1E29482069651800A6ACDD /* Model.xcdatamodeld */,
				A91ED3191FF42AA500AF1EB8 /* Main.storyboard */,
				A91ED31C1FF42AA500AF1EB8 /* Assets.xcassets */,
				6A06D0260C11C137C4E1AD89 /* Pods */,
				A91ED3211FF42AA500AF1EB8 /* Info.plist */,
				A91ED31E1FF42AA500AF1EB8 /* LaunchScreen.storyboard */,
				DDF68D6E2065A9C500C2C595 /* NewsViewController.swift */,
				DDF68D702065A9DA00C2C595 /* InfoViewController.swift */,
				DDF68D762065B74100C2C595 /* HomeViewController.swift */,
				DD20F20F206999CA00056FE7 /* NewsTableViewController.swift */,
			);
			path = GoldenRuleIOS;
			sourceTree = "<group>";
		};
		A91ED3291FF42AA500AF1EB8 /* GoldenRuleIOSTests */ = {
			isa = PBXGroup;
			children = (
				A91ED32A1FF42AA500AF1EB8 /* GoldenRuleIOSTests.swift */,
				A91ED32C1FF42AA500AF1EB8 /* Info.plist */,
			);
			path = GoldenRuleIOSTests;
			sourceTree = "<group>";
		};
		A91ED3341FF42AA500AF1EB8 /* GoldenRuleIOSUITests */ = {
			isa = PBXGroup;
			children = (
				A91ED3351FF42AA500AF1EB8 /* GoldenRuleIOSUITests.swift */,
				A91ED3371FF42AA500AF1EB8 /* Info.plist */,
			);
			path = GoldenRuleIOSUITests;
			sourceTree = "<group>";
		};
/* End PBXGroup section */

/* Begin PBXNativeTarget section */
		A91ED30F1FF42AA500AF1EB8 /* GoldenRuleIOS */ = {
			isa = PBXNativeTarget;
			buildConfigurationList = A91ED33A1FF42AA600AF1EB8 /* Build configuration list for PBXNativeTarget "GoldenRuleIOS" */;
			buildPhases = (
				AEB45BE30329CFB301E2D742 /* [CP] Check Pods Manifest.lock */,
				A91ED30C1FF42AA500AF1EB8 /* Sources */,
				A91ED30D1FF42AA500AF1EB8 /* Frameworks */,
				A91ED30E1FF42AA500AF1EB8 /* Resources */,
				6DE0367FFB7A8FBABA934747 /* [CP] Embed Pods Frameworks */,
				B5DC6B5097891F145D5A754D /* [CP] Copy Pods Resources */,
			);
			buildRules = (
			);
			dependencies = (
			);
			name = GoldenRuleIOS;
			productName = GoldenRuleIOS;
			productReference = A91ED3101FF42AA500AF1EB8 /* GoldenRuleIOS.app */;
			productType = "com.apple.product-type.application";
		};
		A91ED3251FF42AA500AF1EB8 /* GoldenRuleIOSTests */ = {
			isa = PBXNativeTarget;
			buildConfigurationList = A91ED33D1FF42AA600AF1EB8 /* Build configuration list for PBXNativeTarget "GoldenRuleIOSTests" */;
			buildPhases = (
				DC890D7F49B2C29ED007676A /* [CP] Check Pods Manifest.lock */,
				A91ED3221FF42AA500AF1EB8 /* Sources */,
				A91ED3231FF42AA500AF1EB8 /* Frameworks */,
				A91ED3241FF42AA500AF1EB8 /* Resources */,
				E1676732C75DD12B83260667 /* [CP] Embed Pods Frameworks */,
				2A0BF777B309ACE55B277D41 /* [CP] Copy Pods Resources */,
			);
			buildRules = (
			);
			dependencies = (
				A91ED3281FF42AA500AF1EB8 /* PBXTargetDependency */,
			);
			name = GoldenRuleIOSTests;
			productName = GoldenRuleIOSTests;
			productReference = A91ED3261FF42AA500AF1EB8 /* GoldenRuleIOSTests.xctest */;
			productType = "com.apple.product-type.bundle.unit-test";
		};
		A91ED3301FF42AA500AF1EB8 /* GoldenRuleIOSUITests */ = {
			isa = PBXNativeTarget;
			buildConfigurationList = A91ED3401FF42AA600AF1EB8 /* Build configuration list for PBXNativeTarget "GoldenRuleIOSUITests" */;
			buildPhases = (
				ED57050DCA732D9E2867A932 /* [CP] Check Pods Manifest.lock */,
				A91ED32D1FF42AA500AF1EB8 /* Sources */,
				A91ED32E1FF42AA500AF1EB8 /* Frameworks */,
				A91ED32F1FF42AA500AF1EB8 /* Resources */,
				B7EEDB600798BB561C14138E /* [CP] Embed Pods Frameworks */,
				025F1AA20CB97D13BF30F5C8 /* [CP] Copy Pods Resources */,
			);
			buildRules = (
			);
			dependencies = (
				A91ED3331FF42AA500AF1EB8 /* PBXTargetDependency */,
			);
			name = GoldenRuleIOSUITests;
			productName = GoldenRuleIOSUITests;
			productReference = A91ED3311FF42AA500AF1EB8 /* GoldenRuleIOSUITests.xctest */;
			productType = "com.apple.product-type.bundle.ui-testing";
		};
/* End PBXNativeTarget section */

/* Begin PBXProject section */
		A91ED3081FF42AA500AF1EB8 /* Project object */ = {
			isa = PBXProject;
			attributes = {
				LastSwiftUpdateCheck = 0920;
				LastUpgradeCheck = 0920;
				ORGANIZATIONNAME = JohnTuttle;
				TargetAttributes = {
					A91ED30F1FF42AA500AF1EB8 = {
						CreatedOnToolsVersion = 9.2;
						ProvisioningStyle = Automatic;
					};
					A91ED3251FF42AA500AF1EB8 = {
						CreatedOnToolsVersion = 9.2;
						ProvisioningStyle = Automatic;
						TestTargetID = A91ED30F1FF42AA500AF1EB8;
					};
					A91ED3301FF42AA500AF1EB8 = {
						CreatedOnToolsVersion = 9.2;
						ProvisioningStyle = Automatic;
						TestTargetID = A91ED30F1FF42AA500AF1EB8;
					};
				};
			};
			buildConfigurationList = A91ED30B1FF42AA500AF1EB8 /* Build configuration list for PBXProject "GoldenRuleIOS" */;
			compatibilityVersion = "Xcode 8.0";
			developmentRegion = en;
			hasScannedForEncodings = 0;
			knownRegions = (
				en,
				Base,
			);
			mainGroup = A91ED3071FF42AA500AF1EB8;
			productRefGroup = A91ED3111FF42AA500AF1EB8 /* Products */;
			projectDirPath = "";
			projectRoot = "";
			targets = (
				A91ED30F1FF42AA500AF1EB8 /* GoldenRuleIOS */,
				A91ED3251FF42AA500AF1EB8 /* GoldenRuleIOSTests */,
				A91ED3301FF42AA500AF1EB8 /* GoldenRuleIOSUITests */,
			);
		};
/* End PBXProject section */

/* Begin PBXResourcesBuildPhase section */
		A91ED30E1FF42AA500AF1EB8 /* Resources */ = {
			isa = PBXResourcesBuildPhase;
			buildActionMask = 2147483647;
			files = (
				A91ED3201FF42AA500AF1EB8 /* LaunchScreen.storyboard in Resources */,
				DD7306A72068C0E200941331 /* fur_elise.mp3 in Resources */,
				DDF68D752065B6D200C2C595 /* GoogleService-Info.plist in Resources */,
				A91ED31D1FF42AA500AF1EB8 /* Assets.xcassets in Resources */,
				DDE3B52C2068AE9F008A2880 /* golden_rule_intro_video.mp4 in Resources */,
				DD7306A92068C0ED00941331 /* chime.mp3 in Resources */,
				A91ED31B1FF42AA500AF1EB8 /* Main.storyboard in Resources */,
			);
			runOnlyForDeploymentPostprocessing = 0;
		};
		A91ED3241FF42AA500AF1EB8 /* Resources */ = {
			isa = PBXResourcesBuildPhase;
			buildActionMask = 2147483647;
			files = (
			);
			runOnlyForDeploymentPostprocessing = 0;
		};
		A91ED32F1FF42AA500AF1EB8 /* Resources */ = {
			isa = PBXResourcesBuildPhase;
			buildActionMask = 2147483647;
			files = (
			);
			runOnlyForDeploymentPostprocessing = 0;
		};
/* End PBXResourcesBuildPhase section */

/* Begin PBXShellScriptBuildPhase section */
		025F1AA20CB97D13BF30F5C8 /* [CP] Copy Pods Resources */ = {
			isa = PBXShellScriptBuildPhase;
			buildActionMask = 2147483647;
			files = (
			);
			inputPaths = (
			);
			name = "[CP] Copy Pods Resources";
			outputPaths = (
			);
			runOnlyForDeploymentPostprocessing = 0;
			shellPath = /bin/sh;
			shellScript = "\"${SRCROOT}/Pods/Target Support Files/Pods-GoldenRuleIOSUITests/Pods-GoldenRuleIOSUITests-resources.sh\"\n";
			showEnvVarsInLog = 0;
		};
		2A0BF777B309ACE55B277D41 /* [CP] Copy Pods Resources */ = {
			isa = PBXShellScriptBuildPhase;
			buildActionMask = 2147483647;
			files = (
			);
			inputPaths = (
			);
			name = "[CP] Copy Pods Resources";
			outputPaths = (
			);
			runOnlyForDeploymentPostprocessing = 0;
			shellPath = /bin/sh;
			shellScript = "\"${SRCROOT}/Pods/Target Support Files/Pods-GoldenRuleIOSTests/Pods-GoldenRuleIOSTests-resources.sh\"\n";
			showEnvVarsInLog = 0;
		};
		6DE0367FFB7A8FBABA934747 /* [CP] Embed Pods Frameworks */ = {
			isa = PBXShellScriptBuildPhase;
			buildActionMask = 2147483647;
			files = (
			);
			inputPaths = (
				"${SRCROOT}/Pods/Target Support Files/Pods-GoldenRuleIOS/Pods-GoldenRuleIOS-frameworks.sh",
				"${BUILT_PRODUCTS_DIR}/Bolts/Bolts.framework",
				"${BUILT_PRODUCTS_DIR}/BoringSSL/openssl.framework",
				"${BUILT_PRODUCTS_DIR}/FBSDKCoreKit/FBSDKCoreKit.framework",
				"${BUILT_PRODUCTS_DIR}/FBSDKLoginKit/FBSDKLoginKit.framework",
				"${BUILT_PRODUCTS_DIR}/GTMOAuth2/GTMOAuth2.framework",
				"${BUILT_PRODUCTS_DIR}/GTMSessionFetcher/GTMSessionFetcher.framework",
				"${BUILT_PRODUCTS_DIR}/GoogleToolboxForMac/GoogleToolboxForMac.framework",
				"${BUILT_PRODUCTS_DIR}/Player/Player.framework",
				"${BUILT_PRODUCTS_DIR}/Protobuf/Protobuf.framework",
				"${BUILT_PRODUCTS_DIR}/SDWebImage/SDWebImage.framework",
				"${PODS_ROOT}/TwitterCore/iOS/TwitterCore.framework",
				"${PODS_ROOT}/TwitterKit/iOS/TwitterKit.framework",
				"${BUILT_PRODUCTS_DIR}/gRPC/GRPCClient.framework",
				"${BUILT_PRODUCTS_DIR}/gRPC-Core/grpc.framework",
				"${BUILT_PRODUCTS_DIR}/gRPC-ProtoRPC/ProtoRPC.framework",
				"${BUILT_PRODUCTS_DIR}/gRPC-RxLibrary/RxLibrary.framework",
				"${BUILT_PRODUCTS_DIR}/leveldb-library/leveldb.framework",
				"${BUILT_PRODUCTS_DIR}/nanopb/nanopb.framework",
			);
			name = "[CP] Embed Pods Frameworks";
			outputPaths = (
				"${TARGET_BUILD_DIR}/${FRAMEWORKS_FOLDER_PATH}/Bolts.framework",
				"${TARGET_BUILD_DIR}/${FRAMEWORKS_FOLDER_PATH}/openssl.framework",
				"${TARGET_BUILD_DIR}/${FRAMEWORKS_FOLDER_PATH}/FBSDKCoreKit.framework",
				"${TARGET_BUILD_DIR}/${FRAMEWORKS_FOLDER_PATH}/FBSDKLoginKit.framework",
				"${TARGET_BUILD_DIR}/${FRAMEWORKS_FOLDER_PATH}/GTMOAuth2.framework",
				"${TARGET_BUILD_DIR}/${FRAMEWORKS_FOLDER_PATH}/GTMSessionFetcher.framework",
				"${TARGET_BUILD_DIR}/${FRAMEWORKS_FOLDER_PATH}/GoogleToolboxForMac.framework",
				"${TARGET_BUILD_DIR}/${FRAMEWORKS_FOLDER_PATH}/Player.framework",
				"${TARGET_BUILD_DIR}/${FRAMEWORKS_FOLDER_PATH}/Protobuf.framework",
				"${TARGET_BUILD_DIR}/${FRAMEWORKS_FOLDER_PATH}/SDWebImage.framework",
				"${TARGET_BUILD_DIR}/${FRAMEWORKS_FOLDER_PATH}/TwitterCore.framework",
				"${TARGET_BUILD_DIR}/${FRAMEWORKS_FOLDER_PATH}/TwitterKit.framework",
				"${TARGET_BUILD_DIR}/${FRAMEWORKS_FOLDER_PATH}/GRPCClient.framework",
				"${TARGET_BUILD_DIR}/${FRAMEWORKS_FOLDER_PATH}/grpc.framework",
				"${TARGET_BUILD_DIR}/${FRAMEWORKS_FOLDER_PATH}/ProtoRPC.framework",
				"${TARGET_BUILD_DIR}/${FRAMEWORKS_FOLDER_PATH}/RxLibrary.framework",
				"${TARGET_BUILD_DIR}/${FRAMEWORKS_FOLDER_PATH}/leveldb.framework",
				"${TARGET_BUILD_DIR}/${FRAMEWORKS_FOLDER_PATH}/nanopb.framework",
			);
			runOnlyForDeploymentPostprocessing = 0;
			shellPath = /bin/sh;
			shellScript = "\"${SRCROOT}/Pods/Target Support Files/Pods-GoldenRuleIOS/Pods-GoldenRuleIOS-frameworks.sh\"\n";
			showEnvVarsInLog = 0;
		};
		AEB45BE30329CFB301E2D742 /* [CP] Check Pods Manifest.lock */ = {
			isa = PBXShellScriptBuildPhase;
			buildActionMask = 2147483647;
			files = (
			);
			inputPaths = (
				"${PODS_PODFILE_DIR_PATH}/Podfile.lock",
				"${PODS_ROOT}/Manifest.lock",
			);
			name = "[CP] Check Pods Manifest.lock";
			outputPaths = (
				"$(DERIVED_FILE_DIR)/Pods-GoldenRuleIOS-checkManifestLockResult.txt",
			);
			runOnlyForDeploymentPostprocessing = 0;
			shellPath = /bin/sh;
			shellScript = "diff \"${PODS_PODFILE_DIR_PATH}/Podfile.lock\" \"${PODS_ROOT}/Manifest.lock\" > /dev/null\nif [ $? != 0 ] ; then\n    # print error to STDERR\n    echo \"error: The sandbox is not in sync with the Podfile.lock. Run 'pod install' or update your CocoaPods installation.\" >&2\n    exit 1\nfi\n# This output is used by Xcode 'outputs' to avoid re-running this script phase.\necho \"SUCCESS\" > \"${SCRIPT_OUTPUT_FILE_0}\"\n";
			showEnvVarsInLog = 0;
		};
		B5DC6B5097891F145D5A754D /* [CP] Copy Pods Resources */ = {
			isa = PBXShellScriptBuildPhase;
			buildActionMask = 2147483647;
			files = (
			);
			inputPaths = (
				"${SRCROOT}/Pods/Target Support Files/Pods-GoldenRuleIOS/Pods-GoldenRuleIOS-resources.sh",
				"${PODS_CONFIGURATION_BUILD_DIR}/FirebaseUI/FirebaseAuthUI.bundle",
				"${PODS_CONFIGURATION_BUILD_DIR}/FirebaseUI/FirebaseFacebookAuthUI.bundle",
				"${PODS_CONFIGURATION_BUILD_DIR}/FirebaseUI/FirebaseGoogleAuthUI.bundle",
				"${PODS_CONFIGURATION_BUILD_DIR}/FirebaseUI/FirebasePhoneAuthUI.bundle",
				"${PODS_CONFIGURATION_BUILD_DIR}/FirebaseUI/FirebaseTwitterAuthUI.bundle",
				"${PODS_ROOT}/GoogleSignIn/Resources/GoogleSignIn.bundle",
				"${PODS_ROOT}/TwitterKit/iOS/TwitterKit.framework/TwitterKitResources.bundle",
				"${PODS_ROOT}/TwitterKit/iOS/TwitterKit.framework/TwitterShareExtensionUIResources.bundle",
			);
			name = "[CP] Copy Pods Resources";
			outputPaths = (
				"${TARGET_BUILD_DIR}/${UNLOCALIZED_RESOURCES_FOLDER_PATH}/FirebaseAuthUI.bundle",
				"${TARGET_BUILD_DIR}/${UNLOCALIZED_RESOURCES_FOLDER_PATH}/FirebaseFacebookAuthUI.bundle",
				"${TARGET_BUILD_DIR}/${UNLOCALIZED_RESOURCES_FOLDER_PATH}/FirebaseGoogleAuthUI.bundle",
				"${TARGET_BUILD_DIR}/${UNLOCALIZED_RESOURCES_FOLDER_PATH}/FirebasePhoneAuthUI.bundle",
				"${TARGET_BUILD_DIR}/${UNLOCALIZED_RESOURCES_FOLDER_PATH}/FirebaseTwitterAuthUI.bundle",
				"${TARGET_BUILD_DIR}/${UNLOCALIZED_RESOURCES_FOLDER_PATH}/GoogleSignIn.bundle",
				"${TARGET_BUILD_DIR}/${UNLOCALIZED_RESOURCES_FOLDER_PATH}/TwitterKitResources.bundle",
				"${TARGET_BUILD_DIR}/${UNLOCALIZED_RESOURCES_FOLDER_PATH}/TwitterShareExtensionUIResources.bundle",
			);
			runOnlyForDeploymentPostprocessing = 0;
			shellPath = /bin/sh;
			shellScript = "\"${SRCROOT}/Pods/Target Support Files/Pods-GoldenRuleIOS/Pods-GoldenRuleIOS-resources.sh\"\n";
			showEnvVarsInLog = 0;
		};
		B7EEDB600798BB561C14138E /* [CP] Embed Pods Frameworks */ = {
			isa = PBXShellScriptBuildPhase;
			buildActionMask = 2147483647;
			files = (
			);
			inputPaths = (
			);
			name = "[CP] Embed Pods Frameworks";
			outputPaths = (
			);
			runOnlyForDeploymentPostprocessing = 0;
			shellPath = /bin/sh;
			shellScript = "\"${SRCROOT}/Pods/Target Support Files/Pods-GoldenRuleIOSUITests/Pods-GoldenRuleIOSUITests-frameworks.sh\"\n";
			showEnvVarsInLog = 0;
		};
		DC890D7F49B2C29ED007676A /* [CP] Check Pods Manifest.lock */ = {
			isa = PBXShellScriptBuildPhase;
			buildActionMask = 2147483647;
			files = (
			);
			inputPaths = (
				"${PODS_PODFILE_DIR_PATH}/Podfile.lock",
				"${PODS_ROOT}/Manifest.lock",
			);
			name = "[CP] Check Pods Manifest.lock";
			outputPaths = (
				"$(DERIVED_FILE_DIR)/Pods-GoldenRuleIOSTests-checkManifestLockResult.txt",
			);
			runOnlyForDeploymentPostprocessing = 0;
			shellPath = /bin/sh;
			shellScript = "diff \"${PODS_PODFILE_DIR_PATH}/Podfile.lock\" \"${PODS_ROOT}/Manifest.lock\" > /dev/null\nif [ $? != 0 ] ; then\n    # print error to STDERR\n    echo \"error: The sandbox is not in sync with the Podfile.lock. Run 'pod install' or update your CocoaPods installation.\" >&2\n    exit 1\nfi\n# This output is used by Xcode 'outputs' to avoid re-running this script phase.\necho \"SUCCESS\" > \"${SCRIPT_OUTPUT_FILE_0}\"\n";
			showEnvVarsInLog = 0;
		};
		E1676732C75DD12B83260667 /* [CP] Embed Pods Frameworks */ = {
			isa = PBXShellScriptBuildPhase;
			buildActionMask = 2147483647;
			files = (
			);
			inputPaths = (
			);
			name = "[CP] Embed Pods Frameworks";
			outputPaths = (
			);
			runOnlyForDeploymentPostprocessing = 0;
			shellPath = /bin/sh;
			shellScript = "\"${SRCROOT}/Pods/Target Support Files/Pods-GoldenRuleIOSTests/Pods-GoldenRuleIOSTests-frameworks.sh\"\n";
			showEnvVarsInLog = 0;
		};
		ED57050DCA732D9E2867A932 /* [CP] Check Pods Manifest.lock */ = {
			isa = PBXShellScriptBuildPhase;
			buildActionMask = 2147483647;
			files = (
			);
			inputPaths = (
				"${PODS_PODFILE_DIR_PATH}/Podfile.lock",
				"${PODS_ROOT}/Manifest.lock",
			);
			name = "[CP] Check Pods Manifest.lock";
			outputPaths = (
				"$(DERIVED_FILE_DIR)/Pods-GoldenRuleIOSUITests-checkManifestLockResult.txt",
			);
			runOnlyForDeploymentPostprocessing = 0;
			shellPath = /bin/sh;
			shellScript = "diff \"${PODS_PODFILE_DIR_PATH}/Podfile.lock\" \"${PODS_ROOT}/Manifest.lock\" > /dev/null\nif [ $? != 0 ] ; then\n    # print error to STDERR\n    echo \"error: The sandbox is not in sync with the Podfile.lock. Run 'pod install' or update your CocoaPods installation.\" >&2\n    exit 1\nfi\n# This output is used by Xcode 'outputs' to avoid re-running this script phase.\necho \"SUCCESS\" > \"${SCRIPT_OUTPUT_FILE_0}\"\n";
			showEnvVarsInLog = 0;
		};
/* End PBXShellScriptBuildPhase section */

/* Begin PBXSourcesBuildPhase section */
		A91ED30C1FF42AA500AF1EB8 /* Sources */ = {
			isa = PBXSourcesBuildPhase;
			buildActionMask = 2147483647;
			files = (
				DDF68D772065B74100C2C595 /* HomeViewController.swift in Sources */,
				A91ED3141FF42AA500AF1EB8 /* AppDelegate.swift in Sources */,
				DDF68D712065A9DA00C2C595 /* InfoViewController.swift in Sources */,
				DDF68D6F2065A9C500C2C595 /* NewsViewController.swift in Sources */,
				DDF68D732065A9F100C2C595 /* SettingsViewController.swift in Sources */,
				DD20F210206999CA00056FE7 /* NewsTableViewController.swift in Sources */,
				DD1E294A2069651800A6ACDD /* Model.xcdatamodeld in Sources */,
			);
			runOnlyForDeploymentPostprocessing = 0;
		};
		A91ED3221FF42AA500AF1EB8 /* Sources */ = {
			isa = PBXSourcesBuildPhase;
			buildActionMask = 2147483647;
			files = (
				A91ED32B1FF42AA500AF1EB8 /* GoldenRuleIOSTests.swift in Sources */,
			);
			runOnlyForDeploymentPostprocessing = 0;
		};
		A91ED32D1FF42AA500AF1EB8 /* Sources */ = {
			isa = PBXSourcesBuildPhase;
			buildActionMask = 2147483647;
			files = (
				A91ED3361FF42AA500AF1EB8 /* GoldenRuleIOSUITests.swift in Sources */,
			);
			runOnlyForDeploymentPostprocessing = 0;
		};
/* End PBXSourcesBuildPhase section */

/* Begin PBXTargetDependency section */
		A91ED3281FF42AA500AF1EB8 /* PBXTargetDependency */ = {
			isa = PBXTargetDependency;
			target = A91ED30F1FF42AA500AF1EB8 /* GoldenRuleIOS */;
			targetProxy = A91ED3271FF42AA500AF1EB8 /* PBXContainerItemProxy */;
		};
		A91ED3331FF42AA500AF1EB8 /* PBXTargetDependency */ = {
			isa = PBXTargetDependency;
			target = A91ED30F1FF42AA500AF1EB8 /* GoldenRuleIOS */;
			targetProxy = A91ED3321FF42AA500AF1EB8 /* PBXContainerItemProxy */;
		};
/* End PBXTargetDependency section */

/* Begin PBXVariantGroup section */
		A91ED3191FF42AA500AF1EB8 /* Main.storyboard */ = {
			isa = PBXVariantGroup;
			children = (
				A91ED31A1FF42AA500AF1EB8 /* Base */,
			);
			name = Main.storyboard;
			sourceTree = "<group>";
		};
		A91ED31E1FF42AA500AF1EB8 /* LaunchScreen.storyboard */ = {
			isa = PBXVariantGroup;
			children = (
				A91ED31F1FF42AA500AF1EB8 /* Base */,
			);
			name = LaunchScreen.storyboard;
			sourceTree = "<group>";
		};
/* End PBXVariantGroup section */

/* Begin XCBuildConfiguration section */
		A91ED3381FF42AA600AF1EB8 /* Debug */ = {
			isa = XCBuildConfiguration;
			buildSettings = {
				ALWAYS_SEARCH_USER_PATHS = NO;
				CLANG_ANALYZER_NONNULL = YES;
				CLANG_ANALYZER_NUMBER_OBJECT_CONVERSION = YES_AGGRESSIVE;
				CLANG_CXX_LANGUAGE_STANDARD = "gnu++14";
				CLANG_CXX_LIBRARY = "libc++";
				CLANG_ENABLE_MODULES = YES;
				CLANG_ENABLE_OBJC_ARC = YES;
				CLANG_WARN_BLOCK_CAPTURE_AUTORELEASING = YES;
				CLANG_WARN_BOOL_CONVERSION = YES;
				CLANG_WARN_COMMA = YES;
				CLANG_WARN_CONSTANT_CONVERSION = YES;
				CLANG_WARN_DIRECT_OBJC_ISA_USAGE = YES_ERROR;
				CLANG_WARN_DOCUMENTATION_COMMENTS = YES;
				CLANG_WARN_EMPTY_BODY = YES;
				CLANG_WARN_ENUM_CONVERSION = YES;
				CLANG_WARN_INFINITE_RECURSION = YES;
				CLANG_WARN_INT_CONVERSION = YES;
				CLANG_WARN_NON_LITERAL_NULL_CONVERSION = YES;
				CLANG_WARN_OBJC_LITERAL_CONVERSION = YES;
				CLANG_WARN_OBJC_ROOT_CLASS = YES_ERROR;
				CLANG_WARN_RANGE_LOOP_ANALYSIS = YES;
				CLANG_WARN_STRICT_PROTOTYPES = YES;
				CLANG_WARN_SUSPICIOUS_MOVE = YES;
				CLANG_WARN_UNGUARDED_AVAILABILITY = YES_AGGRESSIVE;
				CLANG_WARN_UNREACHABLE_CODE = YES;
				CLANG_WARN__DUPLICATE_METHOD_MATCH = YES;
				CODE_SIGN_IDENTITY = "iPhone Developer";
				COPY_PHASE_STRIP = NO;
				DEBUG_INFORMATION_FORMAT = dwarf;
				ENABLE_STRICT_OBJC_MSGSEND = YES;
				ENABLE_TESTABILITY = YES;
				GCC_C_LANGUAGE_STANDARD = gnu11;
				GCC_DYNAMIC_NO_PIC = NO;
				GCC_NO_COMMON_BLOCKS = YES;
				GCC_OPTIMIZATION_LEVEL = 0;
				GCC_PREPROCESSOR_DEFINITIONS = (
					"DEBUG=1",
					"$(inherited)",
				);
				GCC_WARN_64_TO_32_BIT_CONVERSION = YES;
				GCC_WARN_ABOUT_RETURN_TYPE = YES_ERROR;
				GCC_WARN_UNDECLARED_SELECTOR = YES;
				GCC_WARN_UNINITIALIZED_AUTOS = YES_AGGRESSIVE;
				GCC_WARN_UNUSED_FUNCTION = YES;
				GCC_WARN_UNUSED_VARIABLE = YES;
				IPHONEOS_DEPLOYMENT_TARGET = 11.2;
				MTL_ENABLE_DEBUG_INFO = YES;
				ONLY_ACTIVE_ARCH = YES;
				SDKROOT = iphoneos;
				SWIFT_ACTIVE_COMPILATION_CONDITIONS = DEBUG;
				SWIFT_OPTIMIZATION_LEVEL = "-Onone";
			};
			name = Debug;
		};
		A91ED3391FF42AA600AF1EB8 /* Release */ = {
			isa = XCBuildConfiguration;
			buildSettings = {
				ALWAYS_SEARCH_USER_PATHS = NO;
				CLANG_ANALYZER_NONNULL = YES;
				CLANG_ANALYZER_NUMBER_OBJECT_CONVERSION = YES_AGGRESSIVE;
				CLANG_CXX_LANGUAGE_STANDARD = "gnu++14";
				CLANG_CXX_LIBRARY = "libc++";
				CLANG_ENABLE_MODULES = YES;
				CLANG_ENABLE_OBJC_ARC = YES;
				CLANG_WARN_BLOCK_CAPTURE_AUTORELEASING = YES;
				CLANG_WARN_BOOL_CONVERSION = YES;
				CLANG_WARN_COMMA = YES;
				CLANG_WARN_CONSTANT_CONVERSION = YES;
				CLANG_WARN_DIRECT_OBJC_ISA_USAGE = YES_ERROR;
				CLANG_WARN_DOCUMENTATION_COMMENTS = YES;
				CLANG_WARN_EMPTY_BODY = YES;
				CLANG_WARN_ENUM_CONVERSION = YES;
				CLANG_WARN_INFINITE_RECURSION = YES;
				CLANG_WARN_INT_CONVERSION = YES;
				CLANG_WARN_NON_LITERAL_NULL_CONVERSION = YES;
				CLANG_WARN_OBJC_LITERAL_CONVERSION = YES;
				CLANG_WARN_OBJC_ROOT_CLASS = YES_ERROR;
				CLANG_WARN_RANGE_LOOP_ANALYSIS = YES;
				CLANG_WARN_STRICT_PROTOTYPES = YES;
				CLANG_WARN_SUSPICIOUS_MOVE = YES;
				CLANG_WARN_UNGUARDED_AVAILABILITY = YES_AGGRESSIVE;
				CLANG_WARN_UNREACHABLE_CODE = YES;
				CLANG_WARN__DUPLICATE_METHOD_MATCH = YES;
				CODE_SIGN_IDENTITY = "iPhone Developer";
				COPY_PHASE_STRIP = NO;
				DEBUG_INFORMATION_FORMAT = "dwarf-with-dsym";
				ENABLE_NS_ASSERTIONS = NO;
				ENABLE_STRICT_OBJC_MSGSEND = YES;
				GCC_C_LANGUAGE_STANDARD = gnu11;
				GCC_NO_COMMON_BLOCKS = YES;
				GCC_WARN_64_TO_32_BIT_CONVERSION = YES;
				GCC_WARN_ABOUT_RETURN_TYPE = YES_ERROR;
				GCC_WARN_UNDECLARED_SELECTOR = YES;
				GCC_WARN_UNINITIALIZED_AUTOS = YES_AGGRESSIVE;
				GCC_WARN_UNUSED_FUNCTION = YES;
				GCC_WARN_UNUSED_VARIABLE = YES;
				IPHONEOS_DEPLOYMENT_TARGET = 11.2;
				MTL_ENABLE_DEBUG_INFO = NO;
				SDKROOT = iphoneos;
				SWIFT_OPTIMIZATION_LEVEL = "-Owholemodule";
				VALIDATE_PRODUCT = YES;
			};
			name = Release;
		};
		A91ED33B1FF42AA600AF1EB8 /* Debug */ = {
			isa = XCBuildConfiguration;
			baseConfigurationReference = 5FBBF67A1F97E41A2614D422 /* Pods-GoldenRuleIOS.debug.xcconfig */;
			buildSettings = {
				ASSETCATALOG_COMPILER_APPICON_NAME = AppIcon;
				"CODE_SIGN_IDENTITY[sdk=iphoneos*]" = "iPhone Developer";
				CODE_SIGN_STYLE = Automatic;
				DEVELOPMENT_TEAM = "";
				INFOPLIST_FILE = GoldenRuleIOS/Info.plist;
				LD_RUNPATH_SEARCH_PATHS = "$(inherited) @executable_path/Frameworks";
				OTHER_LDFLAGS = "$(inherited)";
				PRODUCT_BUNDLE_IDENTIFIER = com.goldenrule.ios;
				PRODUCT_NAME = "$(TARGET_NAME)";
				PROVISIONING_PROFILE_SPECIFIER = "";
				SWIFT_VERSION = 4.0;
				TARGETED_DEVICE_FAMILY = "1,2";
			};
			name = Debug;
		};
		A91ED33C1FF42AA600AF1EB8 /* Release */ = {
			isa = XCBuildConfiguration;
			baseConfigurationReference = 6CD9B377A40A5A073DCF0445 /* Pods-GoldenRuleIOS.release.xcconfig */;
			buildSettings = {
				ASSETCATALOG_COMPILER_APPICON_NAME = AppIcon;
				"CODE_SIGN_IDENTITY[sdk=iphoneos*]" = "iPhone Developer";
				CODE_SIGN_STYLE = Automatic;
				DEVELOPMENT_TEAM = "";
				INFOPLIST_FILE = GoldenRuleIOS/Info.plist;
				LD_RUNPATH_SEARCH_PATHS = "$(inherited) @executable_path/Frameworks";
				OTHER_LDFLAGS = "$(inherited)";
				PRODUCT_BUNDLE_IDENTIFIER = com.goldenrule.ios;
				PRODUCT_NAME = "$(TARGET_NAME)";
				PROVISIONING_PROFILE_SPECIFIER = "";
				SWIFT_VERSION = 4.0;
				TARGETED_DEVICE_FAMILY = "1,2";
			};
			name = Release;
		};
		A91ED33E1FF42AA600AF1EB8 /* Debug */ = {
			isa = XCBuildConfiguration;
			baseConfigurationReference = AA8F1C19522FD21A80535E63 /* Pods-GoldenRuleIOSTests.debug.xcconfig */;
			buildSettings = {
				ALWAYS_EMBED_SWIFT_STANDARD_LIBRARIES = YES;
				BUNDLE_LOADER = "$(TEST_HOST)";
				CODE_SIGN_STYLE = Automatic;
				INFOPLIST_FILE = GoldenRuleIOSTests/Info.plist;
				LD_RUNPATH_SEARCH_PATHS = "$(inherited) @executable_path/Frameworks @loader_path/Frameworks";
				PRODUCT_BUNDLE_IDENTIFIER = com.GoldenRuleIOSTests;
				PRODUCT_NAME = "$(TARGET_NAME)";
				SWIFT_VERSION = 4.0;
				TARGETED_DEVICE_FAMILY = "1,2";
				TEST_HOST = "$(BUILT_PRODUCTS_DIR)/GoldenRuleIOS.app/GoldenRuleIOS";
			};
			name = Debug;
		};
		A91ED33F1FF42AA600AF1EB8 /* Release */ = {
			isa = XCBuildConfiguration;
			baseConfigurationReference = 1F6CA4E69EC7490923558216 /* Pods-GoldenRuleIOSTests.release.xcconfig */;
			buildSettings = {
				ALWAYS_EMBED_SWIFT_STANDARD_LIBRARIES = YES;
				BUNDLE_LOADER = "$(TEST_HOST)";
				CODE_SIGN_STYLE = Automatic;
				INFOPLIST_FILE = GoldenRuleIOSTests/Info.plist;
				LD_RUNPATH_SEARCH_PATHS = "$(inherited) @executable_path/Frameworks @loader_path/Frameworks";
				PRODUCT_BUNDLE_IDENTIFIER = com.GoldenRuleIOSTests;
				PRODUCT_NAME = "$(TARGET_NAME)";
				SWIFT_VERSION = 4.0;
				TARGETED_DEVICE_FAMILY = "1,2";
				TEST_HOST = "$(BUILT_PRODUCTS_DIR)/GoldenRuleIOS.app/GoldenRuleIOS";
			};
			name = Release;
		};
		A91ED3411FF42AA600AF1EB8 /* Debug */ = {
			isa = XCBuildConfiguration;
			baseConfigurationReference = 10B7C60E0C8C86B13E67DDF3 /* Pods-GoldenRuleIOSUITests.debug.xcconfig */;
			buildSettings = {
				ALWAYS_EMBED_SWIFT_STANDARD_LIBRARIES = YES;
				CODE_SIGN_STYLE = Automatic;
				INFOPLIST_FILE = GoldenRuleIOSUITests/Info.plist;
				LD_RUNPATH_SEARCH_PATHS = "$(inherited) @executable_path/Frameworks @loader_path/Frameworks";
				PRODUCT_BUNDLE_IDENTIFIER = com.GoldenRuleIOSUITests;
				PRODUCT_NAME = "$(TARGET_NAME)";
				SWIFT_VERSION = 4.0;
				TARGETED_DEVICE_FAMILY = "1,2";
				TEST_TARGET_NAME = GoldenRuleIOS;
			};
			name = Debug;
		};
		A91ED3421FF42AA600AF1EB8 /* Release */ = {
			isa = XCBuildConfiguration;
			baseConfigurationReference = 5198516E05A53C50A477827B /* Pods-GoldenRuleIOSUITests.release.xcconfig */;
			buildSettings = {
				ALWAYS_EMBED_SWIFT_STANDARD_LIBRARIES = YES;
				CODE_SIGN_STYLE = Automatic;
				INFOPLIST_FILE = GoldenRuleIOSUITests/Info.plist;
				LD_RUNPATH_SEARCH_PATHS = "$(inherited) @executable_path/Frameworks @loader_path/Frameworks";
				PRODUCT_BUNDLE_IDENTIFIER = com.GoldenRuleIOSUITests;
				PRODUCT_NAME = "$(TARGET_NAME)";
				SWIFT_VERSION = 4.0;
				TARGETED_DEVICE_FAMILY = "1,2";
				TEST_TARGET_NAME = GoldenRuleIOS;
			};
			name = Release;
		};
/* End XCBuildConfiguration section */

/* Begin XCConfigurationList section */
		A91ED30B1FF42AA500AF1EB8 /* Build configuration list for PBXProject "GoldenRuleIOS" */ = {
			isa = XCConfigurationList;
			buildConfigurations = (
				A91ED3381FF42AA600AF1EB8 /* Debug */,
				A91ED3391FF42AA600AF1EB8 /* Release */,
			);
			defaultConfigurationIsVisible = 0;
			defaultConfigurationName = Release;
		};
		A91ED33A1FF42AA600AF1EB8 /* Build configuration list for PBXNativeTarget "GoldenRuleIOS" */ = {
			isa = XCConfigurationList;
			buildConfigurations = (
				A91ED33B1FF42AA600AF1EB8 /* Debug */,
				A91ED33C1FF42AA600AF1EB8 /* Release */,
			);
			defaultConfigurationIsVisible = 0;
			defaultConfigurationName = Release;
		};
		A91ED33D1FF42AA600AF1EB8 /* Build configuration list for PBXNativeTarget "GoldenRuleIOSTests" */ = {
			isa = XCConfigurationList;
			buildConfigurations = (
				A91ED33E1FF42AA600AF1EB8 /* Debug */,
				A91ED33F1FF42AA600AF1EB8 /* Release */,
			);
			defaultConfigurationIsVisible = 0;
			defaultConfigurationName = Release;
		};
		A91ED3401FF42AA600AF1EB8 /* Build configuration list for PBXNativeTarget "GoldenRuleIOSUITests" */ = {
			isa = XCConfigurationList;
			buildConfigurations = (
				A91ED3411FF42AA600AF1EB8 /* Debug */,
				A91ED3421FF42AA600AF1EB8 /* Release */,
			);
			defaultConfigurationIsVisible = 0;
			defaultConfigurationName = Release;
		};
/* End XCConfigurationList section */

/* Begin XCVersionGroup section */
		DD1E29482069651800A6ACDD /* Model.xcdatamodeld */ = {
			isa = XCVersionGroup;
			children = (
				DD1E29492069651800A6ACDD /* Model.xcdatamodel */,
			);
			currentVersion = DD1E29492069651800A6ACDD /* Model.xcdatamodel */;
			path = Model.xcdatamodeld;
			sourceTree = "<group>";
			versionGroupType = wrapper.xcdatamodel;
		};
/* End XCVersionGroup section */
	};
	rootObject = A91ED3081FF42AA500AF1EB8 /* Project object */;
}
